
Microsoft Visual Studio Solution File, Format Version 12.00
# Visual Studio Version 17
VisualStudioVersion = 17.10.35027.167
MinimumVisualStudioVersion = 10.0.40219.1
Project("{FAE04EC0-301F-11D3-BF4B-00C04F79EFBC}") = "WeatherForecast.API", "WeatherForecast.API\WeatherForecast.API.csproj", "{4BA0D6E5-15ED-45CD-A45A-8BD270C1884D}"
EndProject
Project("{FAE04EC0-301F-11D3-BF4B-00C04F79EFBC}") = "WeatherForecast.Application", "WeatherForecast.Application\WeatherForecast.Application.csproj", "{693E47A2-BE41-4E33-AC4B-FC832EF39518}"
EndProject
Project("{FAE04EC0-301F-11D3-BF4B-00C04F79EFBC}") = "WeatherForecast.Domain", "WeatherForecast.Domain\WeatherForecast.Domain.csproj", "{410F2552-A020-4DC2-97D9-AA2C78254DA3}"
EndProject
Project("{FAE04EC0-301F-11D3-BF4B-00C04F79EFBC}") = "WeatherForecast.Infrastructure", "WeatherForecast.Infrastructure\WeatherForecast.Infrastructure.csproj", "{8E2C60DC-97B6-47FA-90FE-2AF43A6E9633}"
EndProject
Project("{FAE04EC0-301F-11D3-BF4B-00C04F79EFBC}") = "WeatherForecastAPI.Tests", "WeatherForecastAPI.Tests\WeatherForecastAPI.Tests.csproj", "{07B826CF-AA7A-428B-AFA3-BF97CF3CF7BD}"
EndProject
Global
	GlobalSection(SolutionConfigurationPlatforms) = preSolution
		Debug|Any CPU = Debug|Any CPU
		Release|Any CPU = Release|Any CPU
	EndGlobalSection
	GlobalSection(ProjectConfigurationPlatforms) = postSolution
		{4BA0D6E5-15ED-45CD-A45A-8BD270C1884D}.Debug|Any CPU.ActiveCfg = Debug|Any CPU
		{4BA0D6E5-15ED-45CD-A45A-8BD270C1884D}.Debug|Any CPU.Build.0 = Debug|Any CPU
		{4BA0D6E5-15ED-45CD-A45A-8BD270C1884D}.Release|Any CPU.ActiveCfg = Release|Any CPU
		{4BA0D6E5-15ED-45CD-A45A-8BD270C1884D}.Release|Any CPU.Build.0 = Release|Any CPU
		{693E47A2-BE41-4E33-AC4B-FC832EF39518}.Debug|Any CPU.ActiveCfg = Debug|Any CPU
		{693E47A2-BE41-4E33-AC4B-FC832EF39518}.Debug|Any CPU.Build.0 = Debug|Any CPU
		{693E47A2-BE41-4E33-AC4B-FC832EF39518}.Release|Any CPU.ActiveCfg = Release|Any CPU
		{693E47A2-BE41-4E33-AC4B-FC832EF39518}.Release|Any CPU.Build.0 = Release|Any CPU
		{410F2552-A020-4DC2-97D9-AA2C78254DA3}.Debug|Any CPU.ActiveCfg = Debug|Any CPU
		{410F2552-A020-4DC2-97D9-AA2C78254DA3}.Debug|Any CPU.Build.0 = Debug|Any CPU
		{410F2552-A020-4DC2-97D9-AA2C78254DA3}.Release|Any CPU.ActiveCfg = Release|Any CPU
		{410F2552-A020-4DC2-97D9-AA2C78254DA3}.Release|Any CPU.Build.0 = Release|Any CPU
		{8E2C60DC-97B6-47FA-90FE-2AF43A6E9633}.Debug|Any CPU.ActiveCfg = Debug|Any CPU
		{8E2C60DC-97B6-47FA-90FE-2AF43A6E9633}.Debug|Any CPU.Build.0 = Debug|Any CPU
		{8E2C60DC-97B6-47FA-90FE-2AF43A6E9633}.Release|Any CPU.ActiveCfg = Release|Any CPU
		{8E2C60DC-97B6-47FA-90FE-2AF43A6E9633}.Release|Any CPU.Build.0 = Release|Any CPU
		{07B826CF-AA7A-428B-AFA3-BF97CF3CF7BD}.Debug|Any CPU.ActiveCfg = Debug|Any CPU
		{07B826CF-AA7A-428B-AFA3-BF97CF3CF7BD}.Debug|Any CPU.Build.0 = Debug|Any CPU
		{07B826CF-AA7A-428B-AFA3-BF97CF3CF7BD}.Release|Any CPU.ActiveCfg = Release|Any CPU
		{07B826CF-AA7A-428B-AFA3-BF97CF3CF7BD}.Release|Any CPU.Build.0 = Release|Any CPU
	EndGlobalSection
	GlobalSection(SolutionProperties) = preSolution
		HideSolutionNode = FALSE
	EndGlobalSection
	GlobalSection(ExtensibilityGlobals) = postSolution
		SolutionGuid = {913555F7-AC6A-4675-8F99-D6DBEAD64A5D}
	EndGlobalSection
EndGlobal
